// !$*UTF8*$!
{
	archiveVersion = 1;
	classes = {
	};
	objectVersion = 56;
	objects = {

/* Begin PBXBuildFile section */
		472ADA18290D1101005CD18A /* SwiftUIStudyApp.swift in Sources */ = {isa = PBXBuildFile; fileRef = 472ADA17290D1101005CD18A /* SwiftUIStudyApp.swift */; };
		472ADA1A290D1101005CD18A /* ContentView.swift in Sources */ = {isa = PBXBuildFile; fileRef = 472ADA19290D1101005CD18A /* ContentView.swift */; };
		472ADA1C290D1103005CD18A /* Assets.xcassets in Resources */ = {isa = PBXBuildFile; fileRef = 472ADA1B290D1103005CD18A /* Assets.xcassets */; };
		472ADA1F290D1103005CD18A /* Preview Assets.xcassets in Resources */ = {isa = PBXBuildFile; fileRef = 472ADA1E290D1103005CD18A /* Preview Assets.xcassets */; };
		472ADA2A290D1103005CD18A /* SwiftUIStudyTests.swift in Sources */ = {isa = PBXBuildFile; fileRef = 472ADA29290D1103005CD18A /* SwiftUIStudyTests.swift */; };
		472ADA34290D1103005CD18A /* SwiftUIStudyUITests.swift in Sources */ = {isa = PBXBuildFile; fileRef = 472ADA33290D1103005CD18A /* SwiftUIStudyUITests.swift */; };
		472ADA36290D1103005CD18A /* SwiftUIStudyUITestsLaunchTests.swift in Sources */ = {isa = PBXBuildFile; fileRef = 472ADA35290D1103005CD18A /* SwiftUIStudyUITestsLaunchTests.swift */; };
/* End PBXBuildFile section */

/* Begin PBXContainerItemProxy section */
		472ADA26290D1103005CD18A /* PBXContainerItemProxy */ = {
			isa = PBXContainerItemProxy;
			containerPortal = 472ADA0C290D1101005CD18A /* Project object */;
			proxyType = 1;
			remoteGlobalIDString = 472ADA13290D1101005CD18A;
			remoteInfo = SwiftUIStudy;
		};
		472ADA30290D1103005CD18A /* PBXContainerItemProxy */ = {
			isa = PBXContainerItemProxy;
			containerPortal = 472ADA0C290D1101005CD18A /* Project object */;
			proxyType = 1;
			remoteGlobalIDString = 472ADA13290D1101005CD18A;
			remoteInfo = SwiftUIStudy;
		};
/* End PBXContainerItemProxy section */

/* Begin PBXFileReference section */
		472ADA14290D1101005CD18A /* SwiftUIStudy.app */ = {isa = PBXFileReference; explicitFileType = wrapper.application; includeInIndex = 0; path = SwiftUIStudy.app; sourceTree = BUILT_PRODUCTS_DIR; };
		472ADA17290D1101005CD18A /* SwiftUIStudyApp.swift */ = {isa = PBXFileReference; lastKnownFileType = sourcecode.swift; path = SwiftUIStudyApp.swift; sourceTree = "<group>"; };
		472ADA19290D1101005CD18A /* ContentView.swift */ = {isa = PBXFileReference; lastKnownFileType = sourcecode.swift; path = ContentView.swift; sourceTree = "<group>"; };
		472ADA1B290D1103005CD18A /* Assets.xcassets */ = {isa = PBXFileReference; lastKnownFileType = folder.assetcatalog; path = Assets.xcassets; sourceTree = "<group>"; };
		472ADA1E290D1103005CD18A /* Preview Assets.xcassets */ = {isa = PBXFileReference; lastKnownFileType = folder.assetcatalog; path = "Preview Assets.xcassets"; sourceTree = "<group>"; };
		472ADA20290D1103005CD18A /* SwiftUIStudy.entitlements */ = {isa = PBXFileReference; lastKnownFileType = text.plist.entitlements; path = SwiftUIStudy.entitlements; sourceTree = "<group>"; };
		472ADA25290D1103005CD18A /* SwiftUIStudyTests.xctest */ = {isa = PBXFileReference; explicitFileType = wrapper.cfbundle; includeInIndex = 0; path = SwiftUIStudyTests.xctest; sourceTree = BUILT_PRODUCTS_DIR; };
		472ADA29290D1103005CD18A /* SwiftUIStudyTests.swift */ = {isa = PBXFileReference; lastKnownFileType = sourcecode.swift; path = SwiftUIStudyTests.swift; sourceTree = "<group>"; };
		472ADA2F290D1103005CD18A /* SwiftUIStudyUITests.xctest */ = {isa = PBXFileReference; explicitFileType = wrapper.cfbundle; includeInIndex = 0; path = SwiftUIStudyUITests.xctest; sourceTree = BUILT_PRODUCTS_DIR; };
		472ADA33290D1103005CD18A /* SwiftUIStudyUITests.swift */ = {isa = PBXFileReference; lastKnownFileType = sourcecode.swift; path = SwiftUIStudyUITests.swift; sourceTree = "<group>"; };
		472ADA35290D1103005CD18A /* SwiftUIStudyUITestsLaunchTests.swift */ = {isa = PBXFileReference; lastKnownFileType = sourcecode.swift; path = SwiftUIStudyUITestsLaunchTests.swift; sourceTree = "<group>"; };
/* End PBXFileReference section */

/* Begin PBXFrameworksBuildPhase section */
		472ADA11290D1101005CD18A /* Frameworks */ = {
			isa = PBXFrameworksBuildPhase;
			buildActionMask = 2147483647;
			files = (
			);
			runOnlyForDeploymentPostprocessing = 0;
		};
		472ADA22290D1103005CD18A /* Frameworks */ = {
			isa = PBXFrameworksBuildPhase;
			buildActionMask = 2147483647;
			files = (
			);
			runOnlyForDeploymentPostprocessing = 0;
		};
		472ADA2C290D1103005CD18A /* Frameworks */ = {
			isa = PBXFrameworksBuildPhase;
			buildActionMask = 2147483647;
			files = (
			);
			runOnlyForDeploymentPostprocessing = 0;
		};
/* End PBXFrameworksBuildPhase section */

/* Begin PBXGroup section */
		472ADA0B290D1101005CD18A = {
			isa = PBXGroup;
			children = (
				472ADA16290D1101005CD18A /* SwiftUIStudy */,
				472ADA28290D1103005CD18A /* SwiftUIStudyTests */,
				472ADA32290D1103005CD18A /* SwiftUIStudyUITests */,
				472ADA15290D1101005CD18A /* Products */,
			);
			sourceTree = "<group>";
		};
		472ADA15290D1101005CD18A /* Products */ = {
			isa = PBXGroup;
			children = (
				472ADA14290D1101005CD18A /* SwiftUIStudy.app */,
				472ADA25290D1103005CD18A /* SwiftUIStudyTests.xctest */,
				472ADA2F290D1103005CD18A /* SwiftUIStudyUITests.xctest */,
			);
			name = Products;
			sourceTree = "<group>";
		};
		472ADA16290D1101005CD18A /* SwiftUIStudy */ = {
			isa = PBXGroup;
			children = (
				472ADA17290D1101005CD18A /* SwiftUIStudyApp.swift */,
				472ADA19290D1101005CD18A /* ContentView.swift */,
				472ADA1B290D1103005CD18A /* Assets.xcassets */,
				472ADA20290D1103005CD18A /* SwiftUIStudy.entitlements */,
				472ADA1D290D1103005CD18A /* Preview Content */,
			);
			path = SwiftUIStudy;
			sourceTree = "<group>";
		};
		472ADA1D290D1103005CD18A /* Preview Content */ = {
			isa = PBXGroup;
			children = (
				472ADA1E290D1103005CD18A /* Preview Assets.xcassets */,
			);
			path = "Preview Content";
			sourceTree = "<group>";
		};
		472ADA28290D1103005CD18A /* SwiftUIStudyTests */ = {
			isa = PBXGroup;
			children = (
				472ADA29290D1103005CD18A /* SwiftUIStudyTests.swift */,
			);
			path = SwiftUIStudyTests;
			sourceTree = "<group>";
		};
		472ADA32290D1103005CD18A /* SwiftUIStudyUITests */ = {
			isa = PBXGroup;
			children = (
				472ADA33290D1103005CD18A /* SwiftUIStudyUITests.swift */,
				472ADA35290D1103005CD18A /* SwiftUIStudyUITestsLaunchTests.swift */,
			);
			path = SwiftUIStudyUITests;
			sourceTree = "<group>";
		};
/* End PBXGroup section */

/* Begin PBXNativeTarget section */
		472ADA13290D1101005CD18A /* SwiftUIStudy */ = {
			isa = PBXNativeTarget;
			buildConfigurationList = 472ADA39290D1103005CD18A /* Build configuration list for PBXNativeTarget "SwiftUIStudy" */;
			buildPhases = (
				472ADA10290D1101005CD18A /* Sources */,
				472ADA11290D1101005CD18A /* Frameworks */,
				472ADA12290D1101005CD18A /* Resources */,
			);
			buildRules = (
			);
			dependencies = (
			);
			name = SwiftUIStudy;
			productName = SwiftUIStudy;
			productReference = 472ADA14290D1101005CD18A /* SwiftUIStudy.app */;
			productType = "com.apple.product-type.application";
		};
		472ADA24290D1103005CD18A /* SwiftUIStudyTests */ = {
			isa = PBXNativeTarget;
			buildConfigurationList = 472ADA3C290D1103005CD18A /* Build configuration list for PBXNativeTarget "SwiftUIStudyTests" */;
			buildPhases = (
				472ADA21290D1103005CD18A /* Sources */,
				472ADA22290D1103005CD18A /* Frameworks */,
				472ADA23290D1103005CD18A /* Resources */,
			);
			buildRules = (
			);
			dependencies = (
				472ADA27290D1103005CD18A /* PBXTargetDependency */,
			);
			name = SwiftUIStudyTests;
			productName = SwiftUIStudyTests;
			productReference = 472ADA25290D1103005CD18A /* SwiftUIStudyTests.xctest */;
			productType = "com.apple.product-type.bundle.unit-test";
		};
		472ADA2E290D1103005CD18A /* SwiftUIStudyUITests */ = {
			isa = PBXNativeTarget;
			buildConfigurationList = 472ADA3F290D1103005CD18A /* Build configuration list for PBXNativeTarget "SwiftUIStudyUITests" */;
			buildPhases = (
				472ADA2B290D1103005CD18A /* Sources */,
				472ADA2C290D1103005CD18A /* Frameworks */,
				472ADA2D290D1103005CD18A /* Resources */,
			);
			buildRules = (
			);
			dependencies = (
				472ADA31290D1103005CD18A /* PBXTargetDependency */,
			);
			name = SwiftUIStudyUITests;
			productName = SwiftUIStudyUITests;
			productReference = 472ADA2F290D1103005CD18A /* SwiftUIStudyUITests.xctest */;
			productType = "com.apple.product-type.bundle.ui-testing";
		};
/* End PBXNativeTarget section */

/* Begin PBXProject section */
		472ADA0C290D1101005CD18A /* Project object */ = {
			isa = PBXProject;
			attributes = {
				BuildIndependentTargetsInParallel = 1;
				LastSwiftUpdateCheck = 1400;
				LastUpgradeCheck = 1400;
				TargetAttributes = {
					472ADA13290D1101005CD18A = {
						CreatedOnToolsVersion = 14.0.1;
					};
					472ADA24290D1103005CD18A = {
						CreatedOnToolsVersion = 14.0.1;
						TestTargetID = 472ADA13290D1101005CD18A;
					};
					472ADA2E290D1103005CD18A = {
						CreatedOnToolsVersion = 14.0.1;
						TestTargetID = 472ADA13290D1101005CD18A;
					};
				};
			};
			buildConfigurationList = 472ADA0F290D1101005CD18A /* Build configuration list for PBXProject "SwiftUIStudy" */;
			compatibilityVersion = "Xcode 14.0";
			developmentRegion = en;
			hasScannedForEncodings = 0;
			knownRegions = (
				en,
				Base,
			);
			mainGroup = 472ADA0B290D1101005CD18A;
			productRefGroup = 472ADA15290D1101005CD18A /* Products */;
			projectDirPath = "";
			projectRoot = "";
			targets = (
				472ADA13290D1101005CD18A /* SwiftUIStudy */,
				472ADA24290D1103005CD18A /* SwiftUIStudyTests */,
				472ADA2E290D1103005CD18A /* SwiftUIStudyUITests */,
			);
		};
/* End PBXProject section */

/* Begin PBXResourcesBuildPhase section */
		472ADA12290D1101005CD18A /* Resources */ = {
			isa = PBXResourcesBuildPhase;
			buildActionMask = 2147483647;
			files = (
				472ADA1F290D1103005CD18A /* Preview Assets.xcassets in Resources */,
				472ADA1C290D1103005CD18A /* Assets.xcassets in Resources */,
			);
			runOnlyForDeploymentPostprocessing = 0;
		};
		472ADA23290D1103005CD18A /* Resources */ = {
			isa = PBXResourcesBuildPhase;
			buildActionMask = 2147483647;
			files = (
			);
			runOnlyForDeploymentPostprocessing = 0;
		};
		472ADA2D290D1103005CD18A /* Resources */ = {
			isa = PBXResourcesBuildPhase;
			buildActionMask = 2147483647;
			files = (
			);
			runOnlyForDeploymentPostprocessing = 0;
		};
/* End PBXResourcesBuildPhase section */

/* Begin PBXSourcesBuildPhase section */
		472ADA10290D1101005CD18A /* Sources */ = {
			isa = PBXSourcesBuildPhase;
			buildActionMask = 2147483647;
			files = (
				472ADA1A290D1101005CD18A /* ContentView.swift in Sources */,
				472ADA18290D1101005CD18A /* SwiftUIStudyApp.swift in Sources */,
			);
			runOnlyForDeploymentPostprocessing = 0;
		};
		472ADA21290D1103005CD18A /* Sources */ = {
			isa = PBXSourcesBuildPhase;
			buildActionMask = 2147483647;
			files = (
				472ADA2A290D1103005CD18A /* SwiftUIStudyTests.swift in Sources */,
			);
			runOnlyForDeploymentPostprocessing = 0;
		};
		472ADA2B290D1103005CD18A /* Sources */ = {
			isa = PBXSourcesBuildPhase;
			buildActionMask = 2147483647;
			files = (
				472ADA36290D1103005CD18A /* SwiftUIStudyUITestsLaunchTests.swift in Sources */,
				472ADA34290D1103005CD18A /* SwiftUIStudyUITests.swift in Sources */,
			);
			runOnlyForDeploymentPostprocessing = 0;
		};
/* End PBXSourcesBuildPhase section */

/* Begin PBXTargetDependency section */
		472ADA27290D1103005CD18A /* PBXTargetDependency */ = {
			isa = PBXTargetDependency;
			target = 472ADA13290D1101005CD18A /* SwiftUIStudy */;
			targetProxy = 472ADA26290D1103005CD18A /* PBXContainerItemProxy */;
		};
		472ADA31290D1103005CD18A /* PBXTargetDependency */ = {
			isa = PBXTargetDependency;
			target = 472ADA13290D1101005CD18A /* SwiftUIStudy */;
			targetProxy = 472ADA30290D1103005CD18A /* PBXContainerItemProxy */;
		};
/* End PBXTargetDependency section */

/* Begin XCBuildConfiguration section */
		472ADA37290D1103005CD18A /* Debug */ = {
			isa = XCBuildConfiguration;
			buildSettings = {
				ALWAYS_SEARCH_USER_PATHS = NO;
				CLANG_ANALYZER_NONNULL = YES;
				CLANG_ANALYZER_NUMBER_OBJECT_CONVERSION = YES_AGGRESSIVE;
				CLANG_CXX_LANGUAGE_STANDARD = "gnu++20";
				CLANG_ENABLE_MODULES = YES;
				CLANG_ENABLE_OBJC_ARC = YES;
				CLANG_ENABLE_OBJC_WEAK = YES;
				CLANG_WARN_BLOCK_CAPTURE_AUTORELEASING = YES;
				CLANG_WARN_BOOL_CONVERSION = YES;
				CLANG_WARN_COMMA = YES;
				CLANG_WARN_CONSTANT_CONVERSION = YES;
				CLANG_WARN_DEPRECATED_OBJC_IMPLEMENTATIONS = YES;
				CLANG_WARN_DIRECT_OBJC_ISA_USAGE = YES_ERROR;
				CLANG_WARN_DOCUMENTATION_COMMENTS = YES;
				CLANG_WARN_EMPTY_BODY = YES;
				CLANG_WARN_ENUM_CONVERSION = YES;
				CLANG_WARN_INFINITE_RECURSION = YES;
				CLANG_WARN_INT_CONVERSION = YES;
				CLANG_WARN_NON_LITERAL_NULL_CONVERSION = YES;
				CLANG_WARN_OBJC_IMPLICIT_RETAIN_SELF = YES;
				CLANG_WARN_OBJC_LITERAL_CONVERSION = YES;
				CLANG_WARN_OBJC_ROOT_CLASS = YES_ERROR;
				CLANG_WARN_QUOTED_INCLUDE_IN_FRAMEWORK_HEADER = YES;
				CLANG_WARN_RANGE_LOOP_ANALYSIS = YES;
				CLANG_WARN_STRICT_PROTOTYPES = YES;
				CLANG_WARN_SUSPICIOUS_MOVE = YES;
				CLANG_WARN_UNGUARDED_AVAILABILITY = YES_AGGRESSIVE;
				CLANG_WARN_UNREACHABLE_CODE = YES;
				CLANG_WARN__DUPLICATE_METHOD_MATCH = YES;
				COPY_PHASE_STRIP = NO;
				DEBUG_INFORMATION_FORMAT = dwarf;
				ENABLE_STRICT_OBJC_MSGSEND = YES;
				ENABLE_TESTABILITY = YES;
				GCC_C_LANGUAGE_STANDARD = gnu11;
				GCC_DYNAMIC_NO_PIC = NO;
				GCC_NO_COMMON_BLOCKS = YES;
				GCC_OPTIMIZATION_LEVEL = 0;
				GCC_PREPROCESSOR_DEFINITIONS = (
					"DEBUG=1",
					"$(inherited)",
				);
				GCC_WARN_64_TO_32_BIT_CONVERSION = YES;
				GCC_WARN_ABOUT_RETURN_TYPE = YES_ERROR;
				GCC_WARN_UNDECLARED_SELECTOR = YES;
				GCC_WARN_UNINITIALIZED_AUTOS = YES_AGGRESSIVE;
				GCC_WARN_UNUSED_FUNCTION = YES;
				GCC_WARN_UNUSED_VARIABLE = YES;
				MACOSX_DEPLOYMENT_TARGET = 12.3;
				MTL_ENABLE_DEBUG_INFO = INCLUDE_SOURCE;
				MTL_FAST_MATH = YES;
				ONLY_ACTIVE_ARCH = YES;
				SDKROOT = macosx;
				SWIFT_ACTIVE_COMPILATION_CONDITIONS = DEBUG;
				SWIFT_OPTIMIZATION_LEVEL = "-Onone";
			};
			name = Debug;
		};
		472ADA38290D1103005CD18A /* Release */ = {
			isa = XCBuildConfiguration;
			buildSettings = {
				ALWAYS_SEARCH_USER_PATHS = NO;
				CLANG_ANALYZER_NONNULL = YES;
				CLANG_ANALYZER_NUMBER_OBJECT_CONVERSION = YES_AGGRESSIVE;
				CLANG_CXX_LANGUAGE_STANDARD = "gnu++20";
				CLANG_ENABLE_MODULES = YES;
				CLANG_ENABLE_OBJC_ARC = YES;
				CLANG_ENABLE_OBJC_WEAK = YES;
				CLANG_WARN_BLOCK_CAPTURE_AUTORELEASING = YES;
				CLANG_WARN_BOOL_CONVERSION = YES;
				CLANG_WARN_COMMA = YES;
				CLANG_WARN_CONSTANT_CONVERSION = YES;
				CLANG_WARN_DEPRECATED_OBJC_IMPLEMENTATIONS = YES;
				CLANG_WARN_DIRECT_OBJC_ISA_USAGE = YES_ERROR;
				CLANG_WARN_DOCUMENTATION_COMMENTS = YES;
				CLANG_WARN_EMPTY_BODY = YES;
				CLANG_WARN_ENUM_CONVERSION = YES;
				CLANG_WARN_INFINITE_RECURSION = YES;
				CLANG_WARN_INT_CONVERSION = YES;
				CLANG_WARN_NON_LITERAL_NULL_CONVERSION = YES;
				CLANG_WARN_OBJC_IMPLICIT_RETAIN_SELF = YES;
				CLANG_WARN_OBJC_LITERAL_CONVERSION = YES;
				CLANG_WARN_OBJC_ROOT_CLASS = YES_ERROR;
				CLANG_WARN_QUOTED_INCLUDE_IN_FRAMEWORK_HEADER = YES;
				CLANG_WARN_RANGE_LOOP_ANALYSIS = YES;
				CLANG_WARN_STRICT_PROTOTYPES = YES;
				CLANG_WARN_SUSPICIOUS_MOVE = YES;
				CLANG_WARN_UNGUARDED_AVAILABILITY = YES_AGGRESSIVE;
				CLANG_WARN_UNREACHABLE_CODE = YES;
				CLANG_WARN__DUPLICATE_METHOD_MATCH = YES;
				COPY_PHASE_STRIP = NO;
				DEBUG_INFORMATION_FORMAT = "dwarf-with-dsym";
				ENABLE_NS_ASSERTIONS = NO;
				ENABLE_STRICT_OBJC_MSGSEND = YES;
				GCC_C_LANGUAGE_STANDARD = gnu11;
				GCC_NO_COMMON_BLOCKS = YES;
				GCC_WARN_64_TO_32_BIT_CONVERSION = YES;
				GCC_WARN_ABOUT_RETURN_TYPE = YES_ERROR;
				GCC_WARN_UNDECLARED_SELECTOR = YES;
				GCC_WARN_UNINITIALIZED_AUTOS = YES_AGGRESSIVE;
				GCC_WARN_UNUSED_FUNCTION = YES;
				GCC_WARN_UNUSED_VARIABLE = YES;
				MACOSX_DEPLOYMENT_TARGET = 12.3;
				MTL_ENABLE_DEBUG_INFO = NO;
				MTL_FAST_MATH = YES;
				SDKROOT = macosx;
				SWIFT_COMPILATION_MODE = wholemodule;
				SWIFT_OPTIMIZATION_LEVEL = "-O";
			};
			name = Release;
		};
		472ADA3A290D1103005CD18A /* Debug */ = {
			isa = XCBuildConfiguration;
			buildSettings = {
				ASSETCATALOG_COMPILER_APPICON_NAME = AppIcon;
				ASSETCATALOG_COMPILER_GLOBAL_ACCENT_COLOR_NAME = AccentColor;
				CODE_SIGN_ENTITLEMENTS = SwiftUIStudy/SwiftUIStudy.entitlements;
				CODE_SIGN_STYLE = Automatic;
				COMBINE_HIDPI_IMAGES = YES;
				CURRENT_PROJECT_VERSION = 1;
				DEVELOPMENT_ASSET_PATHS = "\"SwiftUIStudy/Preview Content\"";
				DEVELOPMENT_TEAM = PYFA3YTHTS;
				ENABLE_HARDENED_RUNTIME = YES;
				ENABLE_PREVIEWS = YES;
				GENERATE_INFOPLIST_FILE = YES;
				INFOPLIST_KEY_NSHumanReadableCopyright = "";
				LD_RUNPATH_SEARCH_PATHS = (
					"$(inherited)",
					"@executable_path/../Frameworks",
				);
				MARKETING_VERSION = 1.0;
				PRODUCT_BUNDLE_IDENTIFIER = com.fleetingold.SwiftUIStudy;
				PRODUCT_NAME = "$(TARGET_NAME)";
				SWIFT_EMIT_LOC_STRINGS = YES;
				SWIFT_VERSION = 5.0;
			};
			name = Debug;
		};
		472ADA3B290D1103005CD18A /* Release */ = {
			isa = XCBuildConfiguration;
			buildSettings = {
				ASSETCATALOG_COMPILER_APPICON_NAME = AppIcon;
				ASSETCATALOG_COMPILER_GLOBAL_ACCENT_COLOR_NAME = AccentColor;
				CODE_SIGN_ENTITLEMENTS = SwiftUIStudy/SwiftUIStudy.entitlements;
				CODE_SIGN_STYLE = Automatic;
				COMBINE_HIDPI_IMAGES = YES;
				CURRENT_PROJECT_VERSION = 1;
				DEVELOPMENT_ASSET_PATHS = "\"SwiftUIStudy/Preview Content\"";
				DEVELOPMENT_TEAM = PYFA3YTHTS;
				ENABLE_HARDENED_RUNTIME = YES;
				ENABLE_PREVIEWS = YES;
				GENERATE_INFOPLIST_FILE = YES;
				INFOPLIST_KEY_NSHumanReadableCopyright = "";
				LD_RUNPATH_SEARCH_PATHS = (
					"$(inherited)",
					"@executable_path/../Frameworks",
				);
				MARKETING_VERSION = 1.0;
				PRODUCT_BUNDLE_IDENTIFIER = com.fleetingold.SwiftUIStudy;
				PRODUCT_NAME = "$(TARGET_NAME)";
				SWIFT_EMIT_LOC_STRINGS = YES;
				SWIFT_VERSION = 5.0;
			};
			name = Release;
		};
		472ADA3D290D1103005CD18A /* Debug */ = {
			isa = XCBuildConfiguration;
			buildSettings = {
				ALWAYS_EMBED_SWIFT_STANDARD_LIBRARIES = YES;
				BUNDLE_LOADER = "$(TEST_HOST)";
				CODE_SIGN_STYLE = Automatic;
				CURRENT_PROJECT_VERSION = 1;
				DEVELOPMENT_TEAM = PYFA3YTHTS;
				GENERATE_INFOPLIST_FILE = YES;
				MACOSX_DEPLOYMENT_TARGET = 12.3;
				MARKETING_VERSION = 1.0;
				PRODUCT_BUNDLE_IDENTIFIER = com.fleetingold.SwiftUIStudyTests;
				PRODUCT_NAME = "$(TARGET_NAME)";
				SWIFT_EMIT_LOC_STRINGS = NO;
				SWIFT_VERSION = 5.0;
				TEST_HOST = "$(BUILT_PRODUCTS_DIR)/SwiftUIStudy.app/$(BUNDLE_EXECUTABLE_FOLDER_PATH)/SwiftUIStudy";
			};
			name = Debug;
		};
		472ADA3E290D1103005CD18A /* Release */ = {
			isa = XCBuildConfiguration;
			buildSettings = {
				ALWAYS_EMBED_SWIFT_STANDARD_LIBRARIES = YES;
				BUNDLE_LOADER = "$(TEST_HOST)";
				CODE_SIGN_STYLE = Automatic;
				CURRENT_PROJECT_VERSION = 1;
				DEVELOPMENT_TEAM = PYFA3YTHTS;
				GENERATE_INFOPLIST_FILE = YES;
				MACOSX_DEPLOYMENT_TARGET = 12.3;
				MARKETING_VERSION = 1.0;
				PRODUCT_BUNDLE_IDENTIFIER = com.fleetingold.SwiftUIStudyTests;
				PRODUCT_NAME = "$(TARGET_NAME)";
				SWIFT_EMIT_LOC_STRINGS = NO;
				SWIFT_VERSION = 5.0;
				TEST_HOST = "$(BUILT_PRODUCTS_DIR)/SwiftUIStudy.app/$(BUNDLE_EXECUTABLE_FOLDER_PATH)/SwiftUIStudy";
			};
			name = Release;
		};
		472ADA40290D1103005CD18A /* Debug */ = {
			isa = XCBuildConfiguration;
			buildSettings = {
				ALWAYS_EMBED_SWIFT_STANDARD_LIBRARIES = YES;
				CODE_SIGN_STYLE = Automatic;
				CURRENT_PROJECT_VERSION = 1;
				DEVELOPMENT_TEAM = PYFA3YTHTS;
				GENERATE_INFOPLIST_FILE = YES;
				MARKETING_VERSION = 1.0;
				PRODUCT_BUNDLE_IDENTIFIER = com.fleetingold.SwiftUIStudyUITests;
				PRODUCT_NAME = "$(TARGET_NAME)";
				SWIFT_EMIT_LOC_STRINGS = NO;
				SWIFT_VERSION = 5.0;
				TEST_TARGET_NAME = SwiftUIStudy;
			};
			name = Debug;
		};
		472ADA41290D1103005CD18A /* Release */ = {
			isa = XCBuildConfiguration;
			buildSettings = {
				ALWAYS_EMBED_SWIFT_STANDARD_LIBRARIES = YES;
				CODE_SIGN_STYLE = Automatic;
				CURRENT_PROJECT_VERSION = 1;
				DEVELOPMENT_TEAM = PYFA3YTHTS;
				GENERATE_INFOPLIST_FILE = YES;
				MARKETING_VERSION = 1.0;
				PRODUCT_BUNDLE_IDENTIFIER = com.fleetingold.SwiftUIStudyUITests;
				PRODUCT_NAME = "$(TARGET_NAME)";
				SWIFT_EMIT_LOC_STRINGS = NO;
				SWIFT_VERSION = 5.0;
				TEST_TARGET_NAME = SwiftUIStudy;
			};
			name = Release;
		};
/* End XCBuildConfiguration section */

/* Begin XCConfigurationList section */
		472ADA0F290D1101005CD18A /* Build configuration list for PBXProject "SwiftUIStudy" */ = {
			isa = XCConfigurationList;
			buildConfigurations = (
				472ADA37290D1103005CD18A /* Debug */,
				472ADA38290D1103005CD18A /* Release */,
			);
			defaultConfigurationIsVisible = 0;
			defaultConfigurationName = Release;
		};
		472ADA39290D1103005CD18A /* Build configuration list for PBXNativeTarget "SwiftUIStudy" */ = {
			isa = XCConfigurationList;
			buildConfigurations = (
				472ADA3A290D1103005CD18A /* Debug */,
				472ADA3B290D1103005CD18A /* Release */,
			);
			defaultConfigurationIsVisible = 0;
			defaultConfigurationName = Release;
		};
		472ADA3C290D1103005CD18A /* Build configuration list for PBXNativeTarget "SwiftUIStudyTests" */ = {
			isa = XCConfigurationList;
			buildConfigurations = (
				472ADA3D290D1103005CD18A /* Debug */,
				472ADA3E290D1103005CD18A /* Release */,
			);
			defaultConfigurationIsVisible = 0;
			defaultConfigurationName = Release;
		};
		472ADA3F290D1103005CD18A /* Build configuration list for PBXNativeTarget "SwiftUIStudyUITests" */ = {
			isa = XCConfigurationList;
			buildConfigurations = (
				472ADA40290D1103005CD18A /* Debug */,
				472ADA41290D1103005CD18A /* Release */,
			);
			defaultConfigurationIsVisible = 0;
			defaultConfigurationName = Release;
		};
/* End XCConfigurationList section */
	};
	rootObject = 472ADA0C290D1101005CD18A /* Project object */;
}
